
Microsoft Visual Studio Solution File, Format Version 12.00
# Visual Studio 14
VisualStudioVersion = 14.0.25420.1
MinimumVisualStudioVersion = 10.0.40219.1
Project("{FAE04EC0-301F-11D3-BF4B-00C04F79EFBC}") = "msbuildrefactor", "msbuildrefactor.csproj", "{7363D185-09FB-43D5-8516-28D76523EB16}"
EndProject
Project("{FAE04EC0-301F-11D3-BF4B-00C04F79EFBC}") = "RefactorLib", "RefactorLib\RefactorLib.csproj", "{8B24C1D7-29C4-46CF-B923-5865D0476A7D}"
EndProject
Project("{FAE04EC0-301F-11D3-BF4B-00C04F79EFBC}") = "RefactorConsole", "Console\RefactorConsole.csproj", "{B5451DA2-0F71-4379-913F-277B7D67ECA3}"
EndProject
Global
	GlobalSection(SolutionConfigurationPlatforms) = preSolution
		Debug|Any CPU = Debug|Any CPU
		Release|Any CPU = Release|Any CPU
	EndGlobalSection
	GlobalSection(ProjectConfigurationPlatforms) = postSolution
		{7363D185-09FB-43D5-8516-28D76523EB16}.Debug|Any CPU.ActiveCfg = Debug|Any CPU
		{7363D185-09FB-43D5-8516-28D76523EB16}.Release|Any CPU.ActiveCfg = Release|Any CPU
		{7363D185-09FB-43D5-8516-28D76523EB16}.Release|Any CPU.Build.0 = Release|Any CPU
		{8B24C1D7-29C4-46CF-B923-5865D0476A7D}.Debug|Any CPU.ActiveCfg = Debug|Any CPU
		{8B24C1D7-29C4-46CF-B923-5865D0476A7D}.Debug|Any CPU.Build.0 = Debug|Any CPU
		{8B24C1D7-29C4-46CF-B923-5865D0476A7D}.Release|Any CPU.ActiveCfg = Release|Any CPU
		{8B24C1D7-29C4-46CF-B923-5865D0476A7D}.Release|Any CPU.Build.0 = Release|Any CPU
		{B5451DA2-0F71-4379-913F-277B7D67ECA3}.Debug|Any CPU.ActiveCfg = Debug|Any CPU
		{B5451DA2-0F71-4379-913F-277B7D67ECA3}.Release|Any CPU.ActiveCfg = Release|Any CPU
		{B5451DA2-0F71-4379-913F-277B7D67ECA3}.Release|Any CPU.Build.0 = Release|Any CPU
	EndGlobalSection
	GlobalSection(SolutionProperties) = preSolution
		HideSolutionNode = FALSE
	EndGlobalSection
EndGlobal
